
Microsoft Visual Studio Solution File, Format Version 12.00
# Visual Studio Version 16
VisualStudioVersion = 16.0.31424.327
MinimumVisualStudioVersion = 10.0.40219.1
Project("{FAE04EC0-301F-11D3-BF4B-00C04F79EFBC}") = "Skatteberegner", "Skatteberegner\Skatteberegner.csproj", "{84FEDD8C-F093-4D4E-B50C-1ECB76941D60}"
EndProject
Project("{FAE04EC0-301F-11D3-BF4B-00C04F79EFBC}") = "TestAfSkatteberegner", "TestAfSkatteberegner\TestAfSkatteberegner.csproj", "{37CCE7CD-37CB-46E6-B82C-E3C8742474E5}"
	ProjectSection(ProjectDependencies) = postProject
		{84FEDD8C-F093-4D4E-B50C-1ECB76941D60} = {84FEDD8C-F093-4D4E-B50C-1ECB76941D60}
	EndProjectSection
EndProject
Global
	GlobalSection(SolutionConfigurationPlatforms) = preSolution
		Debug|Any CPU = Debug|Any CPU
		Release|Any CPU = Release|Any CPU
	EndGlobalSection
	GlobalSection(ProjectConfigurationPlatforms) = postSolution
		{84FEDD8C-F093-4D4E-B50C-1ECB76941D60}.Debug|Any CPU.ActiveCfg = Debug|Any CPU
		{84FEDD8C-F093-4D4E-B50C-1ECB76941D60}.Debug|Any CPU.Build.0 = Debug|Any CPU
		{84FEDD8C-F093-4D4E-B50C-1ECB76941D60}.Release|Any CPU.ActiveCfg = Release|Any CPU
		{84FEDD8C-F093-4D4E-B50C-1ECB76941D60}.Release|Any CPU.Build.0 = Release|Any CPU
		{37CCE7CD-37CB-46E6-B82C-E3C8742474E5}.Debug|Any CPU.ActiveCfg = Debug|Any CPU
		{37CCE7CD-37CB-46E6-B82C-E3C8742474E5}.Debug|Any CPU.Build.0 = Debug|Any CPU
		{37CCE7CD-37CB-46E6-B82C-E3C8742474E5}.Release|Any CPU.ActiveCfg = Release|Any CPU
		{37CCE7CD-37CB-46E6-B82C-E3C8742474E5}.Release|Any CPU.Build.0 = Release|Any CPU
	EndGlobalSection
	GlobalSection(SolutionProperties) = preSolution
		HideSolutionNode = FALSE
	EndGlobalSection
	GlobalSection(ExtensibilityGlobals) = postSolution
		SolutionGuid = {B36A4376-A325-4034-A19C-DC6BC75F4DBC}
	EndGlobalSection
EndGlobal
